
Microsoft Visual Studio Solution File, Format Version 12.00
# Visual Studio Version 17
VisualStudioVersion = 17.11.35327.3
MinimumVisualStudioVersion = 10.0.40219.1
Project("{8BC9CEB8-8B4A-11D0-8D11-00A0C91BC942}") = "Lab Problem 6.1", "Lab Problem 6.1\Lab Problem 6.1.vcxproj", "{A79F4386-722B-4F3B-86AA-2A75A1A56A2E}"
EndProject
Global
	GlobalSection(SolutionConfigurationPlatforms) = preSolution
		Debug|x64 = Debug|x64
		Debug|x86 = Debug|x86
		Release|x64 = Release|x64
		Release|x86 = Release|x86
	EndGlobalSection
	GlobalSection(ProjectConfigurationPlatforms) = postSolution
		{A79F4386-722B-4F3B-86AA-2A75A1A56A2E}.Debug|x64.ActiveCfg = Debug|x64
		{A79F4386-722B-4F3B-86AA-2A75A1A56A2E}.Debug|x64.Build.0 = Debug|x64
		{A79F4386-722B-4F3B-86AA-2A75A1A56A2E}.Debug|x86.ActiveCfg = Debug|Win32
		{A79F4386-722B-4F3B-86AA-2A75A1A56A2E}.Debug|x86.Build.0 = Debug|Win32
		{A79F4386-722B-4F3B-86AA-2A75A1A56A2E}.Release|x64.ActiveCfg = Release|x64
		{A79F4386-722B-4F3B-86AA-2A75A1A56A2E}.Release|x64.Build.0 = Release|x64
		{A79F4386-722B-4F3B-86AA-2A75A1A56A2E}.Release|x86.ActiveCfg = Release|Win32
		{A79F4386-722B-4F3B-86AA-2A75A1A56A2E}.Release|x86.Build.0 = Release|Win32
	EndGlobalSection
	GlobalSection(SolutionProperties) = preSolution
		HideSolutionNode = FALSE
	EndGlobalSection
	GlobalSection(ExtensibilityGlobals) = postSolution
		SolutionGuid = {8E643A3E-C1A4-4397-BDC4-FE9197566CF7}
	EndGlobalSection
EndGlobal
